
Microsoft Visual Studio Solution File, Format Version 12.00
# Visual Studio Version 17
VisualStudioVersion = 17.4.33205.214
MinimumVisualStudioVersion = 10.0.40219.1
Project("{9A19103F-16F7-4668-BE54-9A1E7A4F7556}") = "OkoloIt.Utilities.Logging", "src\OkoloIt.Utilities.Logging\OkoloIt.Utilities.Logging.csproj", "{67932FA8-C675-4A1B-A4A8-506F3E9B2D83}"
EndProject
Project("{9A19103F-16F7-4668-BE54-9A1E7A4F7556}") = "OkoloIt.Utilities.Logging.Extensions.Logging", "src\OkoloIt.Utilities.Logging.Extensions.Logging\OkoloIt.Utilities.Logging.Extensions.Logging.csproj", "{5267A8E1-D5CA-40CE-A5A9-4C23F4653085}"
EndProject
Project("{9A19103F-16F7-4668-BE54-9A1E7A4F7556}") = "OkoloIt.Utilities.Logging.Samples", "samples\OkoloIt.Utilities.Logging.Samples.csproj", "{AFA81D64-EB45-4C98-863F-767A27997EA6}"
EndProject
Global
	GlobalSection(SolutionConfigurationPlatforms) = preSolution
		Debug|Any CPU = Debug|Any CPU
		Release|Any CPU = Release|Any CPU
	EndGlobalSection
	GlobalSection(ProjectConfigurationPlatforms) = postSolution
		{67932FA8-C675-4A1B-A4A8-506F3E9B2D83}.Debug|Any CPU.ActiveCfg = Debug|Any CPU
		{67932FA8-C675-4A1B-A4A8-506F3E9B2D83}.Debug|Any CPU.Build.0 = Debug|Any CPU
		{67932FA8-C675-4A1B-A4A8-506F3E9B2D83}.Release|Any CPU.ActiveCfg = Release|Any CPU
		{67932FA8-C675-4A1B-A4A8-506F3E9B2D83}.Release|Any CPU.Build.0 = Release|Any CPU
		{5267A8E1-D5CA-40CE-A5A9-4C23F4653085}.Debug|Any CPU.ActiveCfg = Debug|Any CPU
		{5267A8E1-D5CA-40CE-A5A9-4C23F4653085}.Debug|Any CPU.Build.0 = Debug|Any CPU
		{5267A8E1-D5CA-40CE-A5A9-4C23F4653085}.Release|Any CPU.ActiveCfg = Release|Any CPU
		{5267A8E1-D5CA-40CE-A5A9-4C23F4653085}.Release|Any CPU.Build.0 = Release|Any CPU
		{AFA81D64-EB45-4C98-863F-767A27997EA6}.Debug|Any CPU.ActiveCfg = Debug|Any CPU
		{AFA81D64-EB45-4C98-863F-767A27997EA6}.Debug|Any CPU.Build.0 = Debug|Any CPU
		{AFA81D64-EB45-4C98-863F-767A27997EA6}.Release|Any CPU.ActiveCfg = Release|Any CPU
		{AFA81D64-EB45-4C98-863F-767A27997EA6}.Release|Any CPU.Build.0 = Release|Any CPU
	EndGlobalSection
	GlobalSection(SolutionProperties) = preSolution
		HideSolutionNode = FALSE
	EndGlobalSection
	GlobalSection(ExtensibilityGlobals) = postSolution
		SolutionGuid = {A0F4564C-7BFA-4706-BE8C-32F0B84202B8}
	EndGlobalSection
EndGlobal
